
Microsoft Visual Studio Solution File, Format Version 12.00
# Visual Studio Version 17
VisualStudioVersion = 17.4.33213.308
MinimumVisualStudioVersion = 10.0.40219.1
Project("{FAE04EC0-301F-11D3-BF4B-00C04F79EFBC}") = "POST", "POST\POST.csproj", "{0A16052A-062C-4101-AFBC-B051D15D0EF3}"
EndProject
Global
	GlobalSection(SolutionConfigurationPlatforms) = preSolution
		Debug|Any CPU = Debug|Any CPU
		Release|Any CPU = Release|Any CPU
	EndGlobalSection
	GlobalSection(ProjectConfigurationPlatforms) = postSolution
		{0A16052A-062C-4101-AFBC-B051D15D0EF3}.Debug|Any CPU.ActiveCfg = Debug|Any CPU
		{0A16052A-062C-4101-AFBC-B051D15D0EF3}.Debug|Any CPU.Build.0 = Debug|Any CPU
		{0A16052A-062C-4101-AFBC-B051D15D0EF3}.Release|Any CPU.ActiveCfg = Release|Any CPU
		{0A16052A-062C-4101-AFBC-B051D15D0EF3}.Release|Any CPU.Build.0 = Release|Any CPU
	EndGlobalSection
	GlobalSection(SolutionProperties) = preSolution
		HideSolutionNode = FALSE
	EndGlobalSection
	GlobalSection(ExtensibilityGlobals) = postSolution
		SolutionGuid = {7B722555-FBE4-4701-8B90-A947C9B94315}
	EndGlobalSection
EndGlobal
